
Microsoft Visual Studio Solution File, Format Version 12.00
# Visual Studio Version 17
VisualStudioVersion = 17.5.33516.290
MinimumVisualStudioVersion = 10.0.40219.1
Project("{9A19103F-16F7-4668-BE54-9A1E7A4F7556}") = "DistLogDemo", "azuredistributedlogdemo\DistLogDemo.csproj", "{12B0EB7C-AE74-44B0-B257-9397AE8F7F79}"
EndProject
Project("{9A19103F-16F7-4668-BE54-9A1E7A4F7556}") = "Common", "Common\Common.csproj", "{CF47B4FB-866A-403B-9D28-1D37EE29D33A}"
EndProject
Project("{9A19103F-16F7-4668-BE54-9A1E7A4F7556}") = "Kafka", "Kafka\Kafka.csproj", "{004813AC-D965-4652-B493-E60F7C545283}"
EndProject
Global
	GlobalSection(SolutionConfigurationPlatforms) = preSolution
		Debug|Any CPU = Debug|Any CPU
		Release|Any CPU = Release|Any CPU
	EndGlobalSection
	GlobalSection(ProjectConfigurationPlatforms) = postSolution
		{12B0EB7C-AE74-44B0-B257-9397AE8F7F79}.Debug|Any CPU.ActiveCfg = Debug|Any CPU
		{12B0EB7C-AE74-44B0-B257-9397AE8F7F79}.Debug|Any CPU.Build.0 = Debug|Any CPU
		{12B0EB7C-AE74-44B0-B257-9397AE8F7F79}.Release|Any CPU.ActiveCfg = Release|Any CPU
		{12B0EB7C-AE74-44B0-B257-9397AE8F7F79}.Release|Any CPU.Build.0 = Release|Any CPU
		{CF47B4FB-866A-403B-9D28-1D37EE29D33A}.Debug|Any CPU.ActiveCfg = Debug|Any CPU
		{CF47B4FB-866A-403B-9D28-1D37EE29D33A}.Debug|Any CPU.Build.0 = Debug|Any CPU
		{CF47B4FB-866A-403B-9D28-1D37EE29D33A}.Release|Any CPU.ActiveCfg = Release|Any CPU
		{CF47B4FB-866A-403B-9D28-1D37EE29D33A}.Release|Any CPU.Build.0 = Release|Any CPU
		{004813AC-D965-4652-B493-E60F7C545283}.Debug|Any CPU.ActiveCfg = Debug|Any CPU
		{004813AC-D965-4652-B493-E60F7C545283}.Debug|Any CPU.Build.0 = Debug|Any CPU
		{004813AC-D965-4652-B493-E60F7C545283}.Release|Any CPU.ActiveCfg = Release|Any CPU
		{004813AC-D965-4652-B493-E60F7C545283}.Release|Any CPU.Build.0 = Release|Any CPU
	EndGlobalSection
	GlobalSection(SolutionProperties) = preSolution
		HideSolutionNode = FALSE
	EndGlobalSection
	GlobalSection(ExtensibilityGlobals) = postSolution
		SolutionGuid = {880F75AF-57C5-4EE9-AAAF-69A7B3FFF348}
	EndGlobalSection
EndGlobal
